
Microsoft Visual Studio Solution File, Format Version 12.00
# Visual Studio 15
VisualStudioVersion = 15.0.27703.2047
MinimumVisualStudioVersion = 10.0.40219.1
Project("{FAE04EC0-301F-11D3-BF4B-00C04F79EFBC}") = "Day 4", "Day 4.csproj", "{F2D1A44E-8C58-494A-95BE-C26CC6C69A85}"
EndProject
Global
	GlobalSection(SolutionConfigurationPlatforms) = preSolution
		Debug|Any CPU = Debug|Any CPU
		Release|Any CPU = Release|Any CPU
	EndGlobalSection
	GlobalSection(ProjectConfigurationPlatforms) = postSolution
		{F2D1A44E-8C58-494A-95BE-C26CC6C69A85}.Debug|Any CPU.ActiveCfg = Debug|Any CPU
		{F2D1A44E-8C58-494A-95BE-C26CC6C69A85}.Debug|Any CPU.Build.0 = Debug|Any CPU
		{F2D1A44E-8C58-494A-95BE-C26CC6C69A85}.Release|Any CPU.ActiveCfg = Release|Any CPU
		{F2D1A44E-8C58-494A-95BE-C26CC6C69A85}.Release|Any CPU.Build.0 = Release|Any CPU
	EndGlobalSection
	GlobalSection(SolutionProperties) = preSolution
		HideSolutionNode = FALSE
	EndGlobalSection
	GlobalSection(ExtensibilityGlobals) = postSolution
		SolutionGuid = {731BE0A4-662F-436C-99DF-752B8F49080F}
	EndGlobalSection
EndGlobal
