
Microsoft Visual Studio Solution File, Format Version 12.00
# Visual Studio Version 17
VisualStudioVersion = 17.3.32929.385
MinimumVisualStudioVersion = 10.0.40219.1
Project("{FAE04EC0-301F-11D3-BF4B-00C04F79EFBC}") = "Day 10", "Day 10.csproj", "{F22FE1CC-3A68-4202-8123-CD0282344C2E}"
EndProject
Global
	GlobalSection(SolutionConfigurationPlatforms) = preSolution
		Debug|Any CPU = Debug|Any CPU
		Release|Any CPU = Release|Any CPU
	EndGlobalSection
	GlobalSection(ProjectConfigurationPlatforms) = postSolution
		{F22FE1CC-3A68-4202-8123-CD0282344C2E}.Debug|Any CPU.ActiveCfg = Debug|Any CPU
		{F22FE1CC-3A68-4202-8123-CD0282344C2E}.Debug|Any CPU.Build.0 = Debug|Any CPU
		{F22FE1CC-3A68-4202-8123-CD0282344C2E}.Release|Any CPU.ActiveCfg = Release|Any CPU
		{F22FE1CC-3A68-4202-8123-CD0282344C2E}.Release|Any CPU.Build.0 = Release|Any CPU
	EndGlobalSection
	GlobalSection(SolutionProperties) = preSolution
		HideSolutionNode = FALSE
	EndGlobalSection
	GlobalSection(ExtensibilityGlobals) = postSolution
		SolutionGuid = {E6844279-786E-458A-8ED6-96E4E8B4A061}
	EndGlobalSection
EndGlobal
