
Microsoft Visual Studio Solution File, Format Version 12.00
# Visual Studio Version 16
VisualStudioVersion = 25.0.1704.0
MinimumVisualStudioVersion = 10.0.40219.1
Project("{FAE04EC0-301F-11D3-BF4B-00C04F79EFBC}") = "Day 05", "Day 05.csproj", "{91103B87-D821-4D0A-8E23-D50F835E2DBA}"
EndProject
Global
	GlobalSection(SolutionConfigurationPlatforms) = preSolution
		Debug|Any CPU = Debug|Any CPU
		Release|Any CPU = Release|Any CPU
	EndGlobalSection
	GlobalSection(ProjectConfigurationPlatforms) = postSolution
		{91103B87-D821-4D0A-8E23-D50F835E2DBA}.Debug|Any CPU.ActiveCfg = Debug|Any CPU
		{91103B87-D821-4D0A-8E23-D50F835E2DBA}.Debug|Any CPU.Build.0 = Debug|Any CPU
		{91103B87-D821-4D0A-8E23-D50F835E2DBA}.Release|Any CPU.ActiveCfg = Release|Any CPU
		{91103B87-D821-4D0A-8E23-D50F835E2DBA}.Release|Any CPU.Build.0 = Release|Any CPU
	EndGlobalSection
	GlobalSection(SolutionProperties) = preSolution
		HideSolutionNode = FALSE
	EndGlobalSection
	GlobalSection(ExtensibilityGlobals) = postSolution
		SolutionGuid = {5175BED8-998C-46B3-A29B-585C68577E14}
	EndGlobalSection
EndGlobal
